
Microsoft Visual Studio Solution File, Format Version 12.00
# Visual Studio Version 17
VisualStudioVersion = 17.1.32407.343
MinimumVisualStudioVersion = 10.0.40219.1
Project("{FAE04EC0-301F-11D3-BF4B-00C04F79EFBC}") = "ClasseLivro", "ClasseLivro\ClasseLivro.csproj", "{2C0DC7D2-91F8-4FAD-A29B-B260C52884CB}"
EndProject
Global
	GlobalSection(SolutionConfigurationPlatforms) = preSolution
		Debug|Any CPU = Debug|Any CPU
		Release|Any CPU = Release|Any CPU
	EndGlobalSection
	GlobalSection(ProjectConfigurationPlatforms) = postSolution
		{2C0DC7D2-91F8-4FAD-A29B-B260C52884CB}.Debug|Any CPU.ActiveCfg = Debug|Any CPU
		{2C0DC7D2-91F8-4FAD-A29B-B260C52884CB}.Debug|Any CPU.Build.0 = Debug|Any CPU
		{2C0DC7D2-91F8-4FAD-A29B-B260C52884CB}.Release|Any CPU.ActiveCfg = Release|Any CPU
		{2C0DC7D2-91F8-4FAD-A29B-B260C52884CB}.Release|Any CPU.Build.0 = Release|Any CPU
	EndGlobalSection
	GlobalSection(SolutionProperties) = preSolution
		HideSolutionNode = FALSE
	EndGlobalSection
	GlobalSection(ExtensibilityGlobals) = postSolution
		SolutionGuid = {29F38295-EDEF-4F63-A6DC-6775BDA64A19}
	EndGlobalSection
EndGlobal
